
Microsoft Visual Studio Solution File, Format Version 12.00
# Visual Studio Version 16
VisualStudioVersion = 16.0.28803.202
MinimumVisualStudioVersion = 10.0.40219.1
Project("{FAE04EC0-301F-11D3-BF4B-00C04F79EFBC}") = "WHLib_Toolkit", "WHLib_Toolkit\WHLib_Toolkit.csproj", "{044F11CF-95ED-4467-93BB-FC74D165ACB2}"
EndProject
Project("{FAE04EC0-301F-11D3-BF4B-00C04F79EFBC}") = "WHLib_Toolkit.Sample", "WHLib_Toolkit.Sample\WHLib_Toolkit.Sample.csproj", "{D32BEC4A-5F89-4FF3-8D75-D2F780B87D7B}"
EndProject
Project("{FAE04EC0-301F-11D3-BF4B-00C04F79EFBC}") = "WHLib_Toolkit_Net4", "WHLib_Toolkit_Net4\WHLib_Toolkit_Net4.csproj", "{F6DEBE26-8A1C-4D37-B58A-708255A089F5}"
EndProject
Global
	GlobalSection(SolutionConfigurationPlatforms) = preSolution
		Debug|Any CPU = Debug|Any CPU
		Release|Any CPU = Release|Any CPU
	EndGlobalSection
	GlobalSection(ProjectConfigurationPlatforms) = postSolution
		{044F11CF-95ED-4467-93BB-FC74D165ACB2}.Debug|Any CPU.ActiveCfg = Debug|Any CPU
		{044F11CF-95ED-4467-93BB-FC74D165ACB2}.Debug|Any CPU.Build.0 = Debug|Any CPU
		{044F11CF-95ED-4467-93BB-FC74D165ACB2}.Release|Any CPU.ActiveCfg = Release|Any CPU
		{044F11CF-95ED-4467-93BB-FC74D165ACB2}.Release|Any CPU.Build.0 = Release|Any CPU
		{D32BEC4A-5F89-4FF3-8D75-D2F780B87D7B}.Debug|Any CPU.ActiveCfg = Debug|Any CPU
		{D32BEC4A-5F89-4FF3-8D75-D2F780B87D7B}.Debug|Any CPU.Build.0 = Debug|Any CPU
		{D32BEC4A-5F89-4FF3-8D75-D2F780B87D7B}.Release|Any CPU.ActiveCfg = Release|Any CPU
		{D32BEC4A-5F89-4FF3-8D75-D2F780B87D7B}.Release|Any CPU.Build.0 = Release|Any CPU
		{F6DEBE26-8A1C-4D37-B58A-708255A089F5}.Debug|Any CPU.ActiveCfg = Debug|Any CPU
		{F6DEBE26-8A1C-4D37-B58A-708255A089F5}.Debug|Any CPU.Build.0 = Debug|Any CPU
		{F6DEBE26-8A1C-4D37-B58A-708255A089F5}.Release|Any CPU.ActiveCfg = Release|Any CPU
		{F6DEBE26-8A1C-4D37-B58A-708255A089F5}.Release|Any CPU.Build.0 = Release|Any CPU
	EndGlobalSection
	GlobalSection(SolutionProperties) = preSolution
		HideSolutionNode = FALSE
	EndGlobalSection
	GlobalSection(ExtensibilityGlobals) = postSolution
		SolutionGuid = {1E634C7D-8324-4CDE-A168-1706BAC66157}
	EndGlobalSection
EndGlobal
